
Microsoft Visual Studio Solution File, Format Version 12.00
# Visual Studio Version 16
VisualStudioVersion = 16.0.31702.278
MinimumVisualStudioVersion = 10.0.40219.1
Project("{FAE04EC0-301F-11D3-BF4B-00C04F79EFBC}") = "PROG110_Assignment01", "PROG110_Assignment01\PROG110_Assignment01.csproj", "{B980BBFA-666D-42C2-A796-FAB892D8A356}"
EndProject
Global
	GlobalSection(SolutionConfigurationPlatforms) = preSolution
		Debug|Any CPU = Debug|Any CPU
		Release|Any CPU = Release|Any CPU
	EndGlobalSection
	GlobalSection(ProjectConfigurationPlatforms) = postSolution
		{B980BBFA-666D-42C2-A796-FAB892D8A356}.Debug|Any CPU.ActiveCfg = Debug|Any CPU
		{B980BBFA-666D-42C2-A796-FAB892D8A356}.Debug|Any CPU.Build.0 = Debug|Any CPU
		{B980BBFA-666D-42C2-A796-FAB892D8A356}.Release|Any CPU.ActiveCfg = Release|Any CPU
		{B980BBFA-666D-42C2-A796-FAB892D8A356}.Release|Any CPU.Build.0 = Release|Any CPU
	EndGlobalSection
	GlobalSection(SolutionProperties) = preSolution
		HideSolutionNode = FALSE
	EndGlobalSection
	GlobalSection(ExtensibilityGlobals) = postSolution
		SolutionGuid = {DF52F1E1-BC4B-472A-86FE-0826BF09F312}
	EndGlobalSection
EndGlobal
